
Microsoft Visual Studio Solution File, Format Version 12.00
# Visual Studio 15
Project("{FAE04EC0-301F-11D3-BF4B-00C04F79EFBC}") = "Assembly-CSharp", "Assembly-CSharp.csproj", "{BA1066BE-06AB-AC80-4C33-F530141E129B}"
EndProject
Project("{FAE04EC0-301F-11D3-BF4B-00C04F79EFBC}") = "Assembly-CSharp-Editor", "Assembly-CSharp-Editor.csproj", "{5CBF8B49-352A-D9B5-2E37-7FC53A4AC571}"
EndProject
Global
	GlobalSection(SolutionConfigurationPlatforms) = preSolution
		Debug|Any CPU = Debug|Any CPU
		Release|Any CPU = Release|Any CPU
	EndGlobalSection
	GlobalSection(ProjectConfigurationPlatforms) = postSolution
		{BA1066BE-06AB-AC80-4C33-F530141E129B}.Debug|Any CPU.ActiveCfg = Debug|Any CPU
		{BA1066BE-06AB-AC80-4C33-F530141E129B}.Debug|Any CPU.Build.0 = Debug|Any CPU
		{BA1066BE-06AB-AC80-4C33-F530141E129B}.Release|Any CPU.ActiveCfg = Release|Any CPU
		{BA1066BE-06AB-AC80-4C33-F530141E129B}.Release|Any CPU.Build.0 = Release|Any CPU
		{5CBF8B49-352A-D9B5-2E37-7FC53A4AC571}.Debug|Any CPU.ActiveCfg = Debug|Any CPU
		{5CBF8B49-352A-D9B5-2E37-7FC53A4AC571}.Debug|Any CPU.Build.0 = Debug|Any CPU
		{5CBF8B49-352A-D9B5-2E37-7FC53A4AC571}.Release|Any CPU.ActiveCfg = Release|Any CPU
		{5CBF8B49-352A-D9B5-2E37-7FC53A4AC571}.Release|Any CPU.Build.0 = Release|Any CPU
	EndGlobalSection
	GlobalSection(SolutionProperties) = preSolution
		HideSolutionNode = FALSE
	EndGlobalSection
EndGlobal
